
Microsoft Visual Studio Solution File, Format Version 11.00
# Visual Studio 2010
Project("{2150E333-8FDC-42A3-9474-1A3956D46DE8}") = "UI", "UI", "{C96DACC1-414E-47E1-8BCD-21DFEAD73215}"
EndProject
Project("{2150E333-8FDC-42A3-9474-1A3956D46DE8}") = "Business Layer", "Business Layer", "{BEC7A103-1D74-44FC-8F34-79F930B23E95}"
EndProject
Project("{2150E333-8FDC-42A3-9474-1A3956D46DE8}") = "Common", "Common", "{B825C5B8-BB25-486A-88E5-812D3DC459F4}"
EndProject
Project("{2150E333-8FDC-42A3-9474-1A3956D46DE8}") = "Data Access Layer", "Data Access Layer", "{6A1A3275-D199-48A2-A005-98B4AB985EC5}"
EndProject
Project("{2150E333-8FDC-42A3-9474-1A3956D46DE8}") = "Lib", "Lib", "{E2990F49-84E7-40AE-A9B7-347A037FAED4}"
EndProject
Project("{2150E333-8FDC-42A3-9474-1A3956D46DE8}") = "Services", "Services", "{64B5AA10-4977-4902-9F03-F05D8114FC31}"
EndProject
Project("{FAE04EC0-301F-11D3-BF4B-00C04F79EFBC}") = "UI", "UI\UI\UI.csproj", "{737DA461-1797-402C-87C8-98B1C0B33078}"
EndProject
Project("{FAE04EC0-301F-11D3-BF4B-00C04F79EFBC}") = "TASDEER.BusinessEntities", "Business Layer\TASDEER.BusinessEntities\TASDEER.BusinessEntities.csproj", "{1F883F40-6047-451E-BB3A-A10F6D6BE039}"
EndProject
Project("{FAE04EC0-301F-11D3-BF4B-00C04F79EFBC}") = "TASDEER.BusinessLogic", "Business Layer\TASDEER.BusinessLogic\TASDEER.BusinessLogic.csproj", "{CFB98EB7-2943-4579-8339-F8610D179654}"
EndProject
Project("{FAE04EC0-301F-11D3-BF4B-00C04F79EFBC}") = "TASDEER.DataAccess", "Data Access Layer\TASDEER.DataAccess\TASDEER.DataAccess.csproj", "{F4260EE6-B38C-43EF-8676-E6746096BC4A}"
EndProject
Project("{FAE04EC0-301F-11D3-BF4B-00C04F79EFBC}") = "TASDEER.WebServices", "Services\TASDEER.WebServices\TASDEER.WebServices.csproj", "{4C286AD2-1F98-4FBA-8551-A3057298F45A}"
EndProject
Project("{FAE04EC0-301F-11D3-BF4B-00C04F79EFBC}") = "TASDEER.FTPHelper", "Common\TASDEER.FTPHelper\TASDEER.FTPHelper.csproj", "{C9078530-F68C-4DEC-9BCE-72F46B0FF5CC}"
EndProject
Global
	GlobalSection(SolutionConfigurationPlatforms) = preSolution
		Debug|Any CPU = Debug|Any CPU
		Release|Any CPU = Release|Any CPU
	EndGlobalSection
	GlobalSection(ProjectConfigurationPlatforms) = postSolution
		{737DA461-1797-402C-87C8-98B1C0B33078}.Debug|Any CPU.ActiveCfg = Debug|Any CPU
		{737DA461-1797-402C-87C8-98B1C0B33078}.Debug|Any CPU.Build.0 = Debug|Any CPU
		{737DA461-1797-402C-87C8-98B1C0B33078}.Release|Any CPU.ActiveCfg = Release|Any CPU
		{737DA461-1797-402C-87C8-98B1C0B33078}.Release|Any CPU.Build.0 = Release|Any CPU
		{1F883F40-6047-451E-BB3A-A10F6D6BE039}.Debug|Any CPU.ActiveCfg = Debug|Any CPU
		{1F883F40-6047-451E-BB3A-A10F6D6BE039}.Debug|Any CPU.Build.0 = Debug|Any CPU
		{1F883F40-6047-451E-BB3A-A10F6D6BE039}.Release|Any CPU.ActiveCfg = Release|Any CPU
		{1F883F40-6047-451E-BB3A-A10F6D6BE039}.Release|Any CPU.Build.0 = Release|Any CPU
		{CFB98EB7-2943-4579-8339-F8610D179654}.Debug|Any CPU.ActiveCfg = Debug|Any CPU
		{CFB98EB7-2943-4579-8339-F8610D179654}.Debug|Any CPU.Build.0 = Debug|Any CPU
		{CFB98EB7-2943-4579-8339-F8610D179654}.Release|Any CPU.ActiveCfg = Release|Any CPU
		{CFB98EB7-2943-4579-8339-F8610D179654}.Release|Any CPU.Build.0 = Release|Any CPU
		{F4260EE6-B38C-43EF-8676-E6746096BC4A}.Debug|Any CPU.ActiveCfg = Debug|Any CPU
		{F4260EE6-B38C-43EF-8676-E6746096BC4A}.Debug|Any CPU.Build.0 = Debug|Any CPU
		{F4260EE6-B38C-43EF-8676-E6746096BC4A}.Release|Any CPU.ActiveCfg = Release|Any CPU
		{F4260EE6-B38C-43EF-8676-E6746096BC4A}.Release|Any CPU.Build.0 = Release|Any CPU
		{4C286AD2-1F98-4FBA-8551-A3057298F45A}.Debug|Any CPU.ActiveCfg = Debug|Any CPU
		{4C286AD2-1F98-4FBA-8551-A3057298F45A}.Debug|Any CPU.Build.0 = Debug|Any CPU
		{4C286AD2-1F98-4FBA-8551-A3057298F45A}.Release|Any CPU.ActiveCfg = Release|Any CPU
		{4C286AD2-1F98-4FBA-8551-A3057298F45A}.Release|Any CPU.Build.0 = Release|Any CPU
		{C9078530-F68C-4DEC-9BCE-72F46B0FF5CC}.Debug|Any CPU.ActiveCfg = Debug|Any CPU
		{C9078530-F68C-4DEC-9BCE-72F46B0FF5CC}.Debug|Any CPU.Build.0 = Debug|Any CPU
		{C9078530-F68C-4DEC-9BCE-72F46B0FF5CC}.Release|Any CPU.ActiveCfg = Release|Any CPU
		{C9078530-F68C-4DEC-9BCE-72F46B0FF5CC}.Release|Any CPU.Build.0 = Release|Any CPU
	EndGlobalSection
	GlobalSection(SolutionProperties) = preSolution
		HideSolutionNode = FALSE
	EndGlobalSection
	GlobalSection(NestedProjects) = preSolution
		{737DA461-1797-402C-87C8-98B1C0B33078} = {C96DACC1-414E-47E1-8BCD-21DFEAD73215}
		{1F883F40-6047-451E-BB3A-A10F6D6BE039} = {BEC7A103-1D74-44FC-8F34-79F930B23E95}
		{CFB98EB7-2943-4579-8339-F8610D179654} = {BEC7A103-1D74-44FC-8F34-79F930B23E95}
		{C9078530-F68C-4DEC-9BCE-72F46B0FF5CC} = {B825C5B8-BB25-486A-88E5-812D3DC459F4}
		{F4260EE6-B38C-43EF-8676-E6746096BC4A} = {6A1A3275-D199-48A2-A005-98B4AB985EC5}
		{4C286AD2-1F98-4FBA-8551-A3057298F45A} = {64B5AA10-4977-4902-9F03-F05D8114FC31}
	EndGlobalSection
EndGlobal
